PODS:
  - barcode_scan_custom (0.0.1):
    - Flutter
    - SwiftProtobuf
  - Flutter (1.0.0)
  - integration_test (0.0.1):
    - Flutter
  - SwiftProtobuf (1.25.2)

DEPENDENCIES:
  - barcode_scan_custom (from `.symlinks/plugins/barcode_scan_custom/ios`)
  - Flutter (from `Flutter`)
  - integration_test (from `.symlinks/plugins/integration_test/ios`)

SPEC REPOS:
  trunk:
    - SwiftProtobuf

EXTERNAL SOURCES:
  barcode_scan_custom:
    :path: ".symlinks/plugins/barcode_scan_custom/ios"
  Flutter:
    :path: Flutter
  integration_test:
    :path: ".symlinks/plugins/integration_test/ios"

SPEC CHECKSUMS:
  barcode_scan_custom: 192482a91c58329adf408d001686d72227ac609e
  Flutter: e0871f40cf51350855a761d2e70bf5af5b9b5de7
  integration_test: 13825b8a9334a850581300559b8839134b124670
  SwiftProtobuf: 407a385e97fd206c4fbe880cc84123989167e0d1

PODFILE CHECKSUM: 7be2f5f74864d463a8ad433546ed1de7e0f29aef

COCOAPODS: 1.13.0
